
Microsoft Visual Studio Solution File, Format Version 12.00
# Visual Studio Version 17
VisualStudioVersion = 17.5.33414.496
MinimumVisualStudioVersion = 10.0.40219.1
Project("{FAE04EC0-301F-11D3-BF4B-00C04F79EFBC}") = "IRead , IWrite tusk 1", "IRead , IWrite tusk 1.csproj", "{8BEA13DC-BD26-44DF-9ACA-49885758659D}"
EndProject
Global
	GlobalSection(SolutionConfigurationPlatforms) = preSolution
		Debug|Any CPU = Debug|Any CPU
		Release|Any CPU = Release|Any CPU
	EndGlobalSection
	GlobalSection(ProjectConfigurationPlatforms) = postSolution
		{8BEA13DC-BD26-44DF-9ACA-49885758659D}.Debug|Any CPU.ActiveCfg = Debug|Any CPU
		{8BEA13DC-BD26-44DF-9ACA-49885758659D}.Debug|Any CPU.Build.0 = Debug|Any CPU
		{8BEA13DC-BD26-44DF-9ACA-49885758659D}.Release|Any CPU.ActiveCfg = Release|Any CPU
		{8BEA13DC-BD26-44DF-9ACA-49885758659D}.Release|Any CPU.Build.0 = Release|Any CPU
	EndGlobalSection
	GlobalSection(SolutionProperties) = preSolution
		HideSolutionNode = FALSE
	EndGlobalSection
	GlobalSection(ExtensibilityGlobals) = postSolution
		SolutionGuid = {4D06B63F-D0EA-44C0-BBCA-DC3885C87CF6}
	EndGlobalSection
EndGlobal
