
Microsoft Visual Studio Solution File, Format Version 12.00
# Visual Studio Version 17
VisualStudioVersion = 17.5.33414.496
MinimumVisualStudioVersion = 10.0.40219.1
Project("{FAE04EC0-301F-11D3-BF4B-00C04F79EFBC}") = "Console.Hnep", "Console.Hnep.csproj", "{93FAFF24-CAFC-4853-A5A9-DFA466334B3D}"
EndProject
Global
	GlobalSection(SolutionConfigurationPlatforms) = preSolution
		Debug|Any CPU = Debug|Any CPU
		Release|Any CPU = Release|Any CPU
	EndGlobalSection
	GlobalSection(ProjectConfigurationPlatforms) = postSolution
		{93FAFF24-CAFC-4853-A5A9-DFA466334B3D}.Debug|Any CPU.ActiveCfg = Debug|Any CPU
		{93FAFF24-CAFC-4853-A5A9-DFA466334B3D}.Debug|Any CPU.Build.0 = Debug|Any CPU
		{93FAFF24-CAFC-4853-A5A9-DFA466334B3D}.Release|Any CPU.ActiveCfg = Release|Any CPU
		{93FAFF24-CAFC-4853-A5A9-DFA466334B3D}.Release|Any CPU.Build.0 = Release|Any CPU
	EndGlobalSection
	GlobalSection(SolutionProperties) = preSolution
		HideSolutionNode = FALSE
	EndGlobalSection
	GlobalSection(ExtensibilityGlobals) = postSolution
		SolutionGuid = {16639C0F-6F29-4385-BF2C-A6F326C5B208}
	EndGlobalSection
EndGlobal
